
Microsoft Visual Studio Solution File, Format Version 12.00
# Visual Studio 15
VisualStudioVersion = 15.0.26430.16
MinimumVisualStudioVersion = 10.0.40219.1
Project("{FAE04EC0-301F-11D3-BF4B-00C04F79EFBC}") = "Sif.Specification.DataModel.Au.v1_3", "Sif.Specification.DataModel.Au.v1_3\Sif.Specification.DataModel.Au.v1_3.csproj", "{8AC0406A-EA20-4283-BB4D-36A2182DE2AF}"
EndProject
Project("{FAE04EC0-301F-11D3-BF4B-00C04F79EFBC}") = "Sif.Specification.Infrastructure.v3_0", "Sif.Specification.Infrastructure.v3_0\Sif.Specification.Infrastructure.v3_0.csproj", "{A9CAA6DD-92F7-4766-ACEC-26126100D582}"
EndProject
Project("{FAE04EC0-301F-11D3-BF4B-00C04F79EFBC}") = "Sif.Specification.Infrastructure.v3_0_1", "Sif.Specification.Infrastructure.v3_0_1\Sif.Specification.Infrastructure.v3_0_1.csproj", "{5236202B-2E8E-48FA-9090-2BFC4F729FDE}"
EndProject
Project("{FAE04EC0-301F-11D3-BF4B-00C04F79EFBC}") = "Sif.Specification.Infrastructure.v3_1_0", "Sif.Specification.Infrastructure.v3_1_0\Sif.Specification.Infrastructure.v3_1_0.csproj", "{B5D92ED6-76D4-4B07-BAC7-DB1BA395E337}"
EndProject
Project("{FAE04EC0-301F-11D3-BF4B-00C04F79EFBC}") = "Sif.Specification.Infrastructure.v3_2_0", "Sif.Specification.Infrastructure.v3_2_0\Sif.Specification.Infrastructure.v3_2_0.csproj", "{8AE3CA09-2B58-4B5A-A02D-027AC7F39043}"
EndProject
Project("{FAE04EC0-301F-11D3-BF4B-00C04F79EFBC}") = "Sif.Specification.DataModel.Us.v3_2", "Sif.Specification.DataModel.Us.v3_2\Sif.Specification.DataModel.Us.v3_2.csproj", "{61008F27-15C5-4ED4-A358-E74D818CF571}"
EndProject
Project("{FAE04EC0-301F-11D3-BF4B-00C04F79EFBC}") = "Sif.Specification.DataModel.Au.v1_4", "Sif.Specification.DataModel.Au.v1_4\Sif.Specification.DataModel.Au.v1_4.csproj", "{7920B78A-3AAD-4FCD-8794-4DC4D89C3B0F}"
EndProject
Project("{FAE04EC0-301F-11D3-BF4B-00C04F79EFBC}") = "Sif.Specification.DataModel.Us.v3_3", "Sif.Specification.DataModel.Us.v3_3\Sif.Specification.DataModel.Us.v3_3.csproj", "{34320E96-BC78-4F30-9C7E-FE0F787B4872}"
EndProject
Project("{FAE04EC0-301F-11D3-BF4B-00C04F79EFBC}") = "Sif.Specification.DataModel.Au.v3_4", "Sif.Specification.DataModel.Au.v3_4\Sif.Specification.DataModel.Au.v3_4.csproj", "{C11FD42C-96D9-4237-BEA8-7D2177AD5054}"
EndProject
Project("{FAE04EC0-301F-11D3-BF4B-00C04F79EFBC}") = "Sif.Specification.DataModel.Uk.v2_0", "Sif.Specification.DataModel.Uk.v2_0\Sif.Specification.DataModel.Uk.v2_0.csproj", "{A055BF17-85AC-40D3-97F4-D88535CC9B1F}"
EndProject
Project("{FAE04EC0-301F-11D3-BF4B-00C04F79EFBC}") = "Sif.Specification.Infrastructure.v3_2_1", "Sif.Specification.Infrastructure.v3_2_1\Sif.Specification.Infrastructure.v3_2_1.csproj", "{05A203B1-00FE-4E01-840B-EBCC90AA2B54}"
EndProject
Project("{FAE04EC0-301F-11D3-BF4B-00C04F79EFBC}") = "Sif.Specification.DataModel.Au.v3_4_1", "Sif.Specification.DataModel.Au.v3_4_1\Sif.Specification.DataModel.Au.v3_4_1.csproj", "{AADB3C43-6D91-4DD0-8C21-8989EF6C254B}"
EndProject
Project("{FAE04EC0-301F-11D3-BF4B-00C04F79EFBC}") = "Sif.Specification.DataModel.Au.v3_4_2", "Sif.Specification.DataModel.Au.v3_4_2\Sif.Specification.DataModel.Au.v3_4_2.csproj", "{3E38B2A2-DC47-48AF-B1E8-C8258024A5AA}"
EndProject
Global
	GlobalSection(SolutionConfigurationPlatforms) = preSolution
		Debug|Any CPU = Debug|Any CPU
		Release|Any CPU = Release|Any CPU
	EndGlobalSection
	GlobalSection(ProjectConfigurationPlatforms) = postSolution
		{8AC0406A-EA20-4283-BB4D-36A2182DE2AF}.Debug|Any CPU.ActiveCfg = Debug|Any CPU
		{8AC0406A-EA20-4283-BB4D-36A2182DE2AF}.Debug|Any CPU.Build.0 = Debug|Any CPU
		{8AC0406A-EA20-4283-BB4D-36A2182DE2AF}.Release|Any CPU.ActiveCfg = Release|Any CPU
		{8AC0406A-EA20-4283-BB4D-36A2182DE2AF}.Release|Any CPU.Build.0 = Release|Any CPU
		{A9CAA6DD-92F7-4766-ACEC-26126100D582}.Debug|Any CPU.ActiveCfg = Debug|Any CPU
		{A9CAA6DD-92F7-4766-ACEC-26126100D582}.Debug|Any CPU.Build.0 = Debug|Any CPU
		{A9CAA6DD-92F7-4766-ACEC-26126100D582}.Release|Any CPU.ActiveCfg = Release|Any CPU
		{A9CAA6DD-92F7-4766-ACEC-26126100D582}.Release|Any CPU.Build.0 = Release|Any CPU
		{5236202B-2E8E-48FA-9090-2BFC4F729FDE}.Debug|Any CPU.ActiveCfg = Debug|Any CPU
		{5236202B-2E8E-48FA-9090-2BFC4F729FDE}.Debug|Any CPU.Build.0 = Debug|Any CPU
		{5236202B-2E8E-48FA-9090-2BFC4F729FDE}.Release|Any CPU.ActiveCfg = Release|Any CPU
		{5236202B-2E8E-48FA-9090-2BFC4F729FDE}.Release|Any CPU.Build.0 = Release|Any CPU
		{B5D92ED6-76D4-4B07-BAC7-DB1BA395E337}.Debug|Any CPU.ActiveCfg = Debug|Any CPU
		{B5D92ED6-76D4-4B07-BAC7-DB1BA395E337}.Debug|Any CPU.Build.0 = Debug|Any CPU
		{B5D92ED6-76D4-4B07-BAC7-DB1BA395E337}.Release|Any CPU.ActiveCfg = Release|Any CPU
		{B5D92ED6-76D4-4B07-BAC7-DB1BA395E337}.Release|Any CPU.Build.0 = Release|Any CPU
		{8AE3CA09-2B58-4B5A-A02D-027AC7F39043}.Debug|Any CPU.ActiveCfg = Debug|Any CPU
		{8AE3CA09-2B58-4B5A-A02D-027AC7F39043}.Debug|Any CPU.Build.0 = Debug|Any CPU
		{8AE3CA09-2B58-4B5A-A02D-027AC7F39043}.Release|Any CPU.ActiveCfg = Release|Any CPU
		{8AE3CA09-2B58-4B5A-A02D-027AC7F39043}.Release|Any CPU.Build.0 = Release|Any CPU
		{61008F27-15C5-4ED4-A358-E74D818CF571}.Debug|Any CPU.ActiveCfg = Debug|Any CPU
		{61008F27-15C5-4ED4-A358-E74D818CF571}.Debug|Any CPU.Build.0 = Debug|Any CPU
		{61008F27-15C5-4ED4-A358-E74D818CF571}.Release|Any CPU.ActiveCfg = Release|Any CPU
		{61008F27-15C5-4ED4-A358-E74D818CF571}.Release|Any CPU.Build.0 = Release|Any CPU
		{7920B78A-3AAD-4FCD-8794-4DC4D89C3B0F}.Debug|Any CPU.ActiveCfg = Debug|Any CPU
		{7920B78A-3AAD-4FCD-8794-4DC4D89C3B0F}.Debug|Any CPU.Build.0 = Debug|Any CPU
		{7920B78A-3AAD-4FCD-8794-4DC4D89C3B0F}.Release|Any CPU.ActiveCfg = Release|Any CPU
		{7920B78A-3AAD-4FCD-8794-4DC4D89C3B0F}.Release|Any CPU.Build.0 = Release|Any CPU
		{34320E96-BC78-4F30-9C7E-FE0F787B4872}.Debug|Any CPU.ActiveCfg = Debug|Any CPU
		{34320E96-BC78-4F30-9C7E-FE0F787B4872}.Debug|Any CPU.Build.0 = Debug|Any CPU
		{34320E96-BC78-4F30-9C7E-FE0F787B4872}.Release|Any CPU.ActiveCfg = Release|Any CPU
		{34320E96-BC78-4F30-9C7E-FE0F787B4872}.Release|Any CPU.Build.0 = Release|Any CPU
		{C11FD42C-96D9-4237-BEA8-7D2177AD5054}.Debug|Any CPU.ActiveCfg = Debug|Any CPU
		{C11FD42C-96D9-4237-BEA8-7D2177AD5054}.Debug|Any CPU.Build.0 = Debug|Any CPU
		{C11FD42C-96D9-4237-BEA8-7D2177AD5054}.Release|Any CPU.ActiveCfg = Release|Any CPU
		{C11FD42C-96D9-4237-BEA8-7D2177AD5054}.Release|Any CPU.Build.0 = Release|Any CPU
		{A055BF17-85AC-40D3-97F4-D88535CC9B1F}.Debug|Any CPU.ActiveCfg = Debug|Any CPU
		{A055BF17-85AC-40D3-97F4-D88535CC9B1F}.Debug|Any CPU.Build.0 = Debug|Any CPU
		{A055BF17-85AC-40D3-97F4-D88535CC9B1F}.Release|Any CPU.ActiveCfg = Release|Any CPU
		{A055BF17-85AC-40D3-97F4-D88535CC9B1F}.Release|Any CPU.Build.0 = Release|Any CPU
		{05A203B1-00FE-4E01-840B-EBCC90AA2B54}.Debug|Any CPU.ActiveCfg = Debug|Any CPU
		{05A203B1-00FE-4E01-840B-EBCC90AA2B54}.Debug|Any CPU.Build.0 = Debug|Any CPU
		{05A203B1-00FE-4E01-840B-EBCC90AA2B54}.Release|Any CPU.ActiveCfg = Release|Any CPU
		{05A203B1-00FE-4E01-840B-EBCC90AA2B54}.Release|Any CPU.Build.0 = Release|Any CPU
		{AADB3C43-6D91-4DD0-8C21-8989EF6C254B}.Debug|Any CPU.ActiveCfg = Debug|Any CPU
		{AADB3C43-6D91-4DD0-8C21-8989EF6C254B}.Debug|Any CPU.Build.0 = Debug|Any CPU
		{AADB3C43-6D91-4DD0-8C21-8989EF6C254B}.Release|Any CPU.ActiveCfg = Release|Any CPU
		{AADB3C43-6D91-4DD0-8C21-8989EF6C254B}.Release|Any CPU.Build.0 = Release|Any CPU
		{3E38B2A2-DC47-48AF-B1E8-C8258024A5AA}.Debug|Any CPU.ActiveCfg = Debug|Any CPU
		{3E38B2A2-DC47-48AF-B1E8-C8258024A5AA}.Debug|Any CPU.Build.0 = Debug|Any CPU
		{3E38B2A2-DC47-48AF-B1E8-C8258024A5AA}.Release|Any CPU.ActiveCfg = Release|Any CPU
		{3E38B2A2-DC47-48AF-B1E8-C8258024A5AA}.Release|Any CPU.Build.0 = Release|Any CPU
	EndGlobalSection
	GlobalSection(SolutionProperties) = preSolution
		HideSolutionNode = FALSE
	EndGlobalSection
EndGlobal
