
Microsoft Visual Studio Solution File, Format Version 12.00
# Visual Studio Version 16
VisualStudioVersion = 16.0.30717.126
MinimumVisualStudioVersion = 10.0.40219.1
Project("{FAE04EC0-301F-11D3-BF4B-00C04F79EFBC}") = "Sif.Framework.EntityFramework.Tests", "Sif.Framework.EntityFramework.Tests\Sif.Framework.EntityFramework.Tests.csproj", "{F4546D54-E46E-4D8D-9A8F-FFDC67C54E1D}"
EndProject
Project("{9A19103F-16F7-4668-BE54-9A1E7A4F7556}") = "Sif.Framework.Tests", "Sif.Framework.Tests\Sif.Framework.Tests.csproj", "{2BCC7798-CA9C-42B5-971B-4374DB30D4F6}"
EndProject
Project("{9A19103F-16F7-4668-BE54-9A1E7A4F7556}") = "Sif.Framework", "..\Sif3Framework\Sif.Framework\Sif.Framework.csproj", "{2B13D050-AA2C-45A6-BA26-8B2706B7E227}"
EndProject
Global
	GlobalSection(SolutionConfigurationPlatforms) = preSolution
		Debug|Any CPU = Debug|Any CPU
		Release|Any CPU = Release|Any CPU
	EndGlobalSection
	GlobalSection(ProjectConfigurationPlatforms) = postSolution
		{F4546D54-E46E-4D8D-9A8F-FFDC67C54E1D}.Debug|Any CPU.ActiveCfg = Debug|Any CPU
		{F4546D54-E46E-4D8D-9A8F-FFDC67C54E1D}.Debug|Any CPU.Build.0 = Debug|Any CPU
		{F4546D54-E46E-4D8D-9A8F-FFDC67C54E1D}.Release|Any CPU.ActiveCfg = Release|Any CPU
		{F4546D54-E46E-4D8D-9A8F-FFDC67C54E1D}.Release|Any CPU.Build.0 = Release|Any CPU
		{2BCC7798-CA9C-42B5-971B-4374DB30D4F6}.Debug|Any CPU.ActiveCfg = Debug|Any CPU
		{2BCC7798-CA9C-42B5-971B-4374DB30D4F6}.Debug|Any CPU.Build.0 = Debug|Any CPU
		{2BCC7798-CA9C-42B5-971B-4374DB30D4F6}.Release|Any CPU.ActiveCfg = Release|Any CPU
		{2BCC7798-CA9C-42B5-971B-4374DB30D4F6}.Release|Any CPU.Build.0 = Release|Any CPU
		{2B13D050-AA2C-45A6-BA26-8B2706B7E227}.Debug|Any CPU.ActiveCfg = Debug|Any CPU
		{2B13D050-AA2C-45A6-BA26-8B2706B7E227}.Debug|Any CPU.Build.0 = Debug|Any CPU
		{2B13D050-AA2C-45A6-BA26-8B2706B7E227}.Release|Any CPU.ActiveCfg = Release|Any CPU
		{2B13D050-AA2C-45A6-BA26-8B2706B7E227}.Release|Any CPU.Build.0 = Release|Any CPU
	EndGlobalSection
	GlobalSection(SolutionProperties) = preSolution
		HideSolutionNode = FALSE
	EndGlobalSection
	GlobalSection(ExtensibilityGlobals) = postSolution
		SolutionGuid = {1F1A78DA-B94C-422F-A1A0-88D153DD81FE}
	EndGlobalSection
EndGlobal
