
Microsoft Visual Studio Solution File, Format Version 12.00
# Visual Studio Version 17
VisualStudioVersion = 17.2.32519.379
MinimumVisualStudioVersion = 10.0.40219.1
Project("{9A19103F-16F7-4668-BE54-9A1E7A4F7556}") = "Sif.Framework", "..\Sif3Framework\Sif.Framework\Sif.Framework.csproj", "{708D2E34-12A8-4C55-AC32-F7D69B15BC45}"
EndProject
Project("{9A19103F-16F7-4668-BE54-9A1E7A4F7556}") = "Sif.Framework.AspNetCore", "..\Sif3Framework\Sif.Framework.AspNetCore\Sif.Framework.AspNetCore.csproj", "{2B34A409-8C4F-4C3E-8F73-8AE54EA9C829}"
EndProject
Project("{9A19103F-16F7-4668-BE54-9A1E7A4F7556}") = "Sif.Framework.EntityFrameworkCore", "..\Sif3Framework\Sif.Framework.EntityFrameworkCore\Sif.Framework.EntityFrameworkCore.csproj", "{7278D262-610A-44B8-A3E6-C6CAD419FC37}"
EndProject
Project("{9A19103F-16F7-4668-BE54-9A1E7A4F7556}") = "Sif.Framework.Training.TestProvider", "Sif.Framework.Training.TestProvider\Sif.Framework.Training.TestProvider.csproj", "{6AD5039B-2342-4C33-BF52-87020652D88B}"
EndProject
Project("{9A19103F-16F7-4668-BE54-9A1E7A4F7556}") = "Sif.Framework.Training.TestConsumer", "Sif.Framework.Training.TestConsumer\Sif.Framework.Training.TestConsumer.csproj", "{D93133F7-24BB-4C32-904B-6676C79A33EB}"
EndProject
Global
	GlobalSection(SolutionConfigurationPlatforms) = preSolution
		Debug|Any CPU = Debug|Any CPU
		Release|Any CPU = Release|Any CPU
	EndGlobalSection
	GlobalSection(ProjectConfigurationPlatforms) = postSolution
		{708D2E34-12A8-4C55-AC32-F7D69B15BC45}.Debug|Any CPU.ActiveCfg = Debug|Any CPU
		{708D2E34-12A8-4C55-AC32-F7D69B15BC45}.Debug|Any CPU.Build.0 = Debug|Any CPU
		{708D2E34-12A8-4C55-AC32-F7D69B15BC45}.Release|Any CPU.ActiveCfg = Release|Any CPU
		{708D2E34-12A8-4C55-AC32-F7D69B15BC45}.Release|Any CPU.Build.0 = Release|Any CPU
		{2B34A409-8C4F-4C3E-8F73-8AE54EA9C829}.Debug|Any CPU.ActiveCfg = Debug|Any CPU
		{2B34A409-8C4F-4C3E-8F73-8AE54EA9C829}.Debug|Any CPU.Build.0 = Debug|Any CPU
		{2B34A409-8C4F-4C3E-8F73-8AE54EA9C829}.Release|Any CPU.ActiveCfg = Release|Any CPU
		{2B34A409-8C4F-4C3E-8F73-8AE54EA9C829}.Release|Any CPU.Build.0 = Release|Any CPU
		{7278D262-610A-44B8-A3E6-C6CAD419FC37}.Debug|Any CPU.ActiveCfg = Debug|Any CPU
		{7278D262-610A-44B8-A3E6-C6CAD419FC37}.Debug|Any CPU.Build.0 = Debug|Any CPU
		{7278D262-610A-44B8-A3E6-C6CAD419FC37}.Release|Any CPU.ActiveCfg = Release|Any CPU
		{7278D262-610A-44B8-A3E6-C6CAD419FC37}.Release|Any CPU.Build.0 = Release|Any CPU
		{6AD5039B-2342-4C33-BF52-87020652D88B}.Debug|Any CPU.ActiveCfg = Debug|Any CPU
		{6AD5039B-2342-4C33-BF52-87020652D88B}.Debug|Any CPU.Build.0 = Debug|Any CPU
		{6AD5039B-2342-4C33-BF52-87020652D88B}.Release|Any CPU.ActiveCfg = Release|Any CPU
		{6AD5039B-2342-4C33-BF52-87020652D88B}.Release|Any CPU.Build.0 = Release|Any CPU
		{D93133F7-24BB-4C32-904B-6676C79A33EB}.Debug|Any CPU.ActiveCfg = Debug|Any CPU
		{D93133F7-24BB-4C32-904B-6676C79A33EB}.Debug|Any CPU.Build.0 = Debug|Any CPU
		{D93133F7-24BB-4C32-904B-6676C79A33EB}.Release|Any CPU.ActiveCfg = Release|Any CPU
		{D93133F7-24BB-4C32-904B-6676C79A33EB}.Release|Any CPU.Build.0 = Release|Any CPU
	EndGlobalSection
	GlobalSection(SolutionProperties) = preSolution
		HideSolutionNode = FALSE
	EndGlobalSection
	GlobalSection(ExtensibilityGlobals) = postSolution
		SolutionGuid = {2A042784-A7BE-4783-9EEF-05C1224CDA3A}
	EndGlobalSection
EndGlobal
