
Microsoft Visual Studio Solution File, Format Version 12.00
# Visual Studio Version 17
VisualStudioVersion = 17.1.32228.430
MinimumVisualStudioVersion = 10.0.40219.1
Project("{FAE04EC0-301F-11D3-BF4B-00C04F79EFBC}") = "Sif.Framework.Demo.Au.Provider", "Sif.Framework.Demo.Au.Provider\Sif.Framework.Demo.Au.Provider.csproj", "{60BEC332-9F81-493C-A61A-96F76E14CD73}"
EndProject
Project("{FAE04EC0-301F-11D3-BF4B-00C04F79EFBC}") = "Sif.Framework.Demo.Au.Consumer", "Sif.Framework.Demo.Au.Consumer\Sif.Framework.Demo.Au.Consumer.csproj", "{04003B58-C545-4D66-9D89-54E8FFB0F3D3}"
EndProject
Project("{FAE04EC0-301F-11D3-BF4B-00C04F79EFBC}") = "Sif.Framework.Demo.Setup", "Sif.Framework.Demo.Setup\Sif.Framework.Demo.Setup.csproj", "{74A86573-C9EE-4690-9D74-FF50B01B5F1F}"
EndProject
Project("{FAE04EC0-301F-11D3-BF4B-00C04F79EFBC}") = "Sif.Framework.Demo.Us.Consumer", "Sif.Framework.Demo.Us.Consumer\Sif.Framework.Demo.Us.Consumer.csproj", "{F3935E3C-D010-4C46-8E9B-D90109BDA536}"
EndProject
Project("{FAE04EC0-301F-11D3-BF4B-00C04F79EFBC}") = "Sif.Framework.Demo.Us.Provider", "Sif.Framework.Demo.Us.Provider\Sif.Framework.Demo.Us.Provider.csproj", "{E58A1AF4-C6B4-4D3C-90FA-CB2CF34F72A6}"
EndProject
Project("{FAE04EC0-301F-11D3-BF4B-00C04F79EFBC}") = "Sif.Framework.Demo.Uk.Provider", "Sif.Framework.Demo.Uk.Provider\Sif.Framework.Demo.Uk.Provider.csproj", "{0289A4E3-44F1-476F-97CC-3A0B6BFFC1EC}"
EndProject
Project("{FAE04EC0-301F-11D3-BF4B-00C04F79EFBC}") = "Sif.Framework.Demo.Uk.Consumer", "Sif.Framework.Demo.Uk.Consumer\Sif.Framework.Demo.Uk.Consumer.csproj", "{835185B1-7132-4E19-8076-E3F687F81A4C}"
EndProject
Project("{FAE04EC0-301F-11D3-BF4B-00C04F79EFBC}") = "Sif.Framework.Demo.Hits.Consumer", "Sif.Framework.Demo.Hits.Consumer\Sif.Framework.Demo.Hits.Consumer.csproj", "{6F05F4B0-83CD-465A-8FF5-361424CD19BB}"
EndProject
Project("{FAE04EC0-301F-11D3-BF4B-00C04F79EFBC}") = "Sif.Framework.Demo.Broker", "Sif.Framework.Demo.Broker\Sif.Framework.Demo.Broker.csproj", "{B058872B-5A62-4D45-BC67-2AB7B411444B}"
EndProject
Project("{9A19103F-16F7-4668-BE54-9A1E7A4F7556}") = "Sif.Framework.EntityFramework", "..\Sif3Framework\Sif.Framework.EntityFramework\Sif.Framework.EntityFramework.csproj", "{F7887A59-F773-4B75-946D-0376DC3C9C62}"
EndProject
Project("{9A19103F-16F7-4668-BE54-9A1E7A4F7556}") = "Sif.Framework", "..\Sif3Framework\Sif.Framework\Sif.Framework.csproj", "{39603F9E-58BC-4FB0-A5B5-243C4C4EA08C}"
EndProject
Project("{9A19103F-16F7-4668-BE54-9A1E7A4F7556}") = "Sif.Framework.AspNet", "..\Sif3Framework\Sif.Framework.AspNet\Sif.Framework.AspNet.csproj", "{1D206098-C59A-4A91-9898-E9EB83CB3290}"
EndProject
Project("{9A19103F-16F7-4668-BE54-9A1E7A4F7556}") = "Sif.Framework.NHibernate", "..\Sif3Framework\Sif.Framework.NHibernate\Sif.Framework.NHibernate.csproj", "{0E6F775A-ADDA-4CB0-BD05-C40760976A6E}"
EndProject
Project("{9A19103F-16F7-4668-BE54-9A1E7A4F7556}") = "Sif.Framework.Demo.AspNet.Provider", "Sif.Framework.Demo.AspNet.Provider\Sif.Framework.Demo.AspNet.Provider.csproj", "{7B88FB5A-22C7-4323-A71D-BD79ED15D120}"
EndProject
Project("{9A19103F-16F7-4668-BE54-9A1E7A4F7556}") = "Sif.Framework.AspNetCore", "..\Sif3Framework\Sif.Framework.AspNetCore\Sif.Framework.AspNetCore.csproj", "{4561CCF7-5189-465A-BD6A-8FB6CFBBAB75}"
EndProject
Project("{9A19103F-16F7-4668-BE54-9A1E7A4F7556}") = "Sif.Framework.Demo.AspNetCore.Setup", "Sif.Framework.Demo.AspNetCore.Setup\Sif.Framework.Demo.AspNetCore.Setup.csproj", "{001F5935-A42B-45CC-9F1F-45B1BC67D01B}"
EndProject
Project("{9A19103F-16F7-4668-BE54-9A1E7A4F7556}") = "Sif.Framework.EntityFrameworkCore", "..\Sif3Framework\Sif.Framework.EntityFrameworkCore\Sif.Framework.EntityFrameworkCore.csproj", "{C878774D-625F-40F8-90E4-89A8888B33EB}"
EndProject
Project("{9A19103F-16F7-4668-BE54-9A1E7A4F7556}") = "Sif.Framework.Demo.AspNetCore.Provider", "Sif.Framework.Demo.AspNetCore.Provider\Sif.Framework.Demo.AspNetCore.Provider.csproj", "{4198CC1B-59A3-4D6F-BC2A-744141B34421}"
EndProject
Project("{9A19103F-16F7-4668-BE54-9A1E7A4F7556}") = "Sif.Framework.Demo.Consumer", "Sif.Framework.Demo.Consumer\Sif.Framework.Demo.Consumer.csproj", "{FCDDE37F-E9EB-478E-9B52-EE9814C620F5}"
EndProject
Global
	GlobalSection(SolutionConfigurationPlatforms) = preSolution
		Debug|Any CPU = Debug|Any CPU
		Release|Any CPU = Release|Any CPU
	EndGlobalSection
	GlobalSection(ProjectConfigurationPlatforms) = postSolution
		{60BEC332-9F81-493C-A61A-96F76E14CD73}.Debug|Any CPU.ActiveCfg = Debug|Any CPU
		{60BEC332-9F81-493C-A61A-96F76E14CD73}.Debug|Any CPU.Build.0 = Debug|Any CPU
		{60BEC332-9F81-493C-A61A-96F76E14CD73}.Release|Any CPU.ActiveCfg = Release|Any CPU
		{60BEC332-9F81-493C-A61A-96F76E14CD73}.Release|Any CPU.Build.0 = Release|Any CPU
		{04003B58-C545-4D66-9D89-54E8FFB0F3D3}.Debug|Any CPU.ActiveCfg = Debug|Any CPU
		{04003B58-C545-4D66-9D89-54E8FFB0F3D3}.Debug|Any CPU.Build.0 = Debug|Any CPU
		{04003B58-C545-4D66-9D89-54E8FFB0F3D3}.Release|Any CPU.ActiveCfg = Release|Any CPU
		{04003B58-C545-4D66-9D89-54E8FFB0F3D3}.Release|Any CPU.Build.0 = Release|Any CPU
		{74A86573-C9EE-4690-9D74-FF50B01B5F1F}.Debug|Any CPU.ActiveCfg = Debug|Any CPU
		{74A86573-C9EE-4690-9D74-FF50B01B5F1F}.Debug|Any CPU.Build.0 = Debug|Any CPU
		{74A86573-C9EE-4690-9D74-FF50B01B5F1F}.Release|Any CPU.ActiveCfg = Release|Any CPU
		{74A86573-C9EE-4690-9D74-FF50B01B5F1F}.Release|Any CPU.Build.0 = Release|Any CPU
		{F3935E3C-D010-4C46-8E9B-D90109BDA536}.Debug|Any CPU.ActiveCfg = Debug|Any CPU
		{F3935E3C-D010-4C46-8E9B-D90109BDA536}.Debug|Any CPU.Build.0 = Debug|Any CPU
		{F3935E3C-D010-4C46-8E9B-D90109BDA536}.Release|Any CPU.ActiveCfg = Release|Any CPU
		{F3935E3C-D010-4C46-8E9B-D90109BDA536}.Release|Any CPU.Build.0 = Release|Any CPU
		{E58A1AF4-C6B4-4D3C-90FA-CB2CF34F72A6}.Debug|Any CPU.ActiveCfg = Debug|Any CPU
		{E58A1AF4-C6B4-4D3C-90FA-CB2CF34F72A6}.Debug|Any CPU.Build.0 = Debug|Any CPU
		{E58A1AF4-C6B4-4D3C-90FA-CB2CF34F72A6}.Release|Any CPU.ActiveCfg = Release|Any CPU
		{E58A1AF4-C6B4-4D3C-90FA-CB2CF34F72A6}.Release|Any CPU.Build.0 = Release|Any CPU
		{0289A4E3-44F1-476F-97CC-3A0B6BFFC1EC}.Debug|Any CPU.ActiveCfg = Debug|Any CPU
		{0289A4E3-44F1-476F-97CC-3A0B6BFFC1EC}.Debug|Any CPU.Build.0 = Debug|Any CPU
		{0289A4E3-44F1-476F-97CC-3A0B6BFFC1EC}.Release|Any CPU.ActiveCfg = Release|Any CPU
		{0289A4E3-44F1-476F-97CC-3A0B6BFFC1EC}.Release|Any CPU.Build.0 = Release|Any CPU
		{835185B1-7132-4E19-8076-E3F687F81A4C}.Debug|Any CPU.ActiveCfg = Debug|Any CPU
		{835185B1-7132-4E19-8076-E3F687F81A4C}.Debug|Any CPU.Build.0 = Debug|Any CPU
		{835185B1-7132-4E19-8076-E3F687F81A4C}.Release|Any CPU.ActiveCfg = Release|Any CPU
		{835185B1-7132-4E19-8076-E3F687F81A4C}.Release|Any CPU.Build.0 = Release|Any CPU
		{6F05F4B0-83CD-465A-8FF5-361424CD19BB}.Debug|Any CPU.ActiveCfg = Debug|Any CPU
		{6F05F4B0-83CD-465A-8FF5-361424CD19BB}.Debug|Any CPU.Build.0 = Debug|Any CPU
		{6F05F4B0-83CD-465A-8FF5-361424CD19BB}.Release|Any CPU.ActiveCfg = Release|Any CPU
		{6F05F4B0-83CD-465A-8FF5-361424CD19BB}.Release|Any CPU.Build.0 = Release|Any CPU
		{B058872B-5A62-4D45-BC67-2AB7B411444B}.Debug|Any CPU.ActiveCfg = Debug|Any CPU
		{B058872B-5A62-4D45-BC67-2AB7B411444B}.Debug|Any CPU.Build.0 = Debug|Any CPU
		{B058872B-5A62-4D45-BC67-2AB7B411444B}.Release|Any CPU.ActiveCfg = Release|Any CPU
		{B058872B-5A62-4D45-BC67-2AB7B411444B}.Release|Any CPU.Build.0 = Release|Any CPU
		{F7887A59-F773-4B75-946D-0376DC3C9C62}.Debug|Any CPU.ActiveCfg = Debug|Any CPU
		{F7887A59-F773-4B75-946D-0376DC3C9C62}.Debug|Any CPU.Build.0 = Debug|Any CPU
		{F7887A59-F773-4B75-946D-0376DC3C9C62}.Release|Any CPU.ActiveCfg = Release|Any CPU
		{F7887A59-F773-4B75-946D-0376DC3C9C62}.Release|Any CPU.Build.0 = Release|Any CPU
		{39603F9E-58BC-4FB0-A5B5-243C4C4EA08C}.Debug|Any CPU.ActiveCfg = Debug|Any CPU
		{39603F9E-58BC-4FB0-A5B5-243C4C4EA08C}.Debug|Any CPU.Build.0 = Debug|Any CPU
		{39603F9E-58BC-4FB0-A5B5-243C4C4EA08C}.Release|Any CPU.ActiveCfg = Release|Any CPU
		{39603F9E-58BC-4FB0-A5B5-243C4C4EA08C}.Release|Any CPU.Build.0 = Release|Any CPU
		{1D206098-C59A-4A91-9898-E9EB83CB3290}.Debug|Any CPU.ActiveCfg = Debug|Any CPU
		{1D206098-C59A-4A91-9898-E9EB83CB3290}.Debug|Any CPU.Build.0 = Debug|Any CPU
		{1D206098-C59A-4A91-9898-E9EB83CB3290}.Release|Any CPU.ActiveCfg = Release|Any CPU
		{1D206098-C59A-4A91-9898-E9EB83CB3290}.Release|Any CPU.Build.0 = Release|Any CPU
		{0E6F775A-ADDA-4CB0-BD05-C40760976A6E}.Debug|Any CPU.ActiveCfg = Debug|Any CPU
		{0E6F775A-ADDA-4CB0-BD05-C40760976A6E}.Debug|Any CPU.Build.0 = Debug|Any CPU
		{0E6F775A-ADDA-4CB0-BD05-C40760976A6E}.Release|Any CPU.ActiveCfg = Release|Any CPU
		{0E6F775A-ADDA-4CB0-BD05-C40760976A6E}.Release|Any CPU.Build.0 = Release|Any CPU
		{7B88FB5A-22C7-4323-A71D-BD79ED15D120}.Debug|Any CPU.ActiveCfg = Debug|Any CPU
		{7B88FB5A-22C7-4323-A71D-BD79ED15D120}.Debug|Any CPU.Build.0 = Debug|Any CPU
		{7B88FB5A-22C7-4323-A71D-BD79ED15D120}.Release|Any CPU.ActiveCfg = Release|Any CPU
		{7B88FB5A-22C7-4323-A71D-BD79ED15D120}.Release|Any CPU.Build.0 = Release|Any CPU
		{4561CCF7-5189-465A-BD6A-8FB6CFBBAB75}.Debug|Any CPU.ActiveCfg = Debug|Any CPU
		{4561CCF7-5189-465A-BD6A-8FB6CFBBAB75}.Debug|Any CPU.Build.0 = Debug|Any CPU
		{4561CCF7-5189-465A-BD6A-8FB6CFBBAB75}.Release|Any CPU.ActiveCfg = Release|Any CPU
		{4561CCF7-5189-465A-BD6A-8FB6CFBBAB75}.Release|Any CPU.Build.0 = Release|Any CPU
		{001F5935-A42B-45CC-9F1F-45B1BC67D01B}.Debug|Any CPU.ActiveCfg = Debug|Any CPU
		{001F5935-A42B-45CC-9F1F-45B1BC67D01B}.Debug|Any CPU.Build.0 = Debug|Any CPU
		{001F5935-A42B-45CC-9F1F-45B1BC67D01B}.Release|Any CPU.ActiveCfg = Release|Any CPU
		{001F5935-A42B-45CC-9F1F-45B1BC67D01B}.Release|Any CPU.Build.0 = Release|Any CPU
		{C878774D-625F-40F8-90E4-89A8888B33EB}.Debug|Any CPU.ActiveCfg = Debug|Any CPU
		{C878774D-625F-40F8-90E4-89A8888B33EB}.Debug|Any CPU.Build.0 = Debug|Any CPU
		{C878774D-625F-40F8-90E4-89A8888B33EB}.Release|Any CPU.ActiveCfg = Release|Any CPU
		{C878774D-625F-40F8-90E4-89A8888B33EB}.Release|Any CPU.Build.0 = Release|Any CPU
		{4198CC1B-59A3-4D6F-BC2A-744141B34421}.Debug|Any CPU.ActiveCfg = Debug|Any CPU
		{4198CC1B-59A3-4D6F-BC2A-744141B34421}.Debug|Any CPU.Build.0 = Debug|Any CPU
		{4198CC1B-59A3-4D6F-BC2A-744141B34421}.Release|Any CPU.ActiveCfg = Release|Any CPU
		{4198CC1B-59A3-4D6F-BC2A-744141B34421}.Release|Any CPU.Build.0 = Release|Any CPU
		{FCDDE37F-E9EB-478E-9B52-EE9814C620F5}.Debug|Any CPU.ActiveCfg = Debug|Any CPU
		{FCDDE37F-E9EB-478E-9B52-EE9814C620F5}.Debug|Any CPU.Build.0 = Debug|Any CPU
		{FCDDE37F-E9EB-478E-9B52-EE9814C620F5}.Release|Any CPU.ActiveCfg = Release|Any CPU
		{FCDDE37F-E9EB-478E-9B52-EE9814C620F5}.Release|Any CPU.Build.0 = Release|Any CPU
	EndGlobalSection
	GlobalSection(SolutionProperties) = preSolution
		HideSolutionNode = FALSE
	EndGlobalSection
	GlobalSection(ExtensibilityGlobals) = postSolution
		SolutionGuid = {C20264AC-837C-4D61-98CF-EAE88EA7296C}
	EndGlobalSection
EndGlobal
