
Microsoft Visual Studio Solution File, Format Version 12.00
# Visual Studio Version 16
VisualStudioVersion = 16.0.29613.14
MinimumVisualStudioVersion = 10.0.40219.1
Project("{FAE04EC0-301F-11D3-BF4B-00C04F79EFBC}") = "Sif.Framework.Demo.Au.Provider", "Sif.Framework.Demo.Au.Provider\Sif.Framework.Demo.Au.Provider.csproj", "{60BEC332-9F81-493C-A61A-96F76E14CD73}"
EndProject
Project("{FAE04EC0-301F-11D3-BF4B-00C04F79EFBC}") = "Sif.Framework.Demo.Au.Consumer", "Sif.Framework.Demo.Au.Consumer\Sif.Framework.Demo.Au.Consumer.csproj", "{04003B58-C545-4D66-9D89-54E8FFB0F3D3}"
EndProject
Project("{FAE04EC0-301F-11D3-BF4B-00C04F79EFBC}") = "Sif.Framework.Demo.Setup", "Sif.Framework.Demo.Setup\Sif.Framework.Demo.Setup.csproj", "{74A86573-C9EE-4690-9D74-FF50B01B5F1F}"
EndProject
Project("{FAE04EC0-301F-11D3-BF4B-00C04F79EFBC}") = "Sif.Framework.Demo.Us.Consumer", "Sif.Framework.Demo.Us.Consumer\Sif.Framework.Demo.Us.Consumer.csproj", "{F3935E3C-D010-4C46-8E9B-D90109BDA536}"
EndProject
Project("{FAE04EC0-301F-11D3-BF4B-00C04F79EFBC}") = "Sif.Framework.Demo.Us.Provider", "Sif.Framework.Demo.Us.Provider\Sif.Framework.Demo.Us.Provider.csproj", "{E58A1AF4-C6B4-4D3C-90FA-CB2CF34F72A6}"
EndProject
Project("{FAE04EC0-301F-11D3-BF4B-00C04F79EFBC}") = "Sif.Framework.Demo.Uk.Provider", "Sif.Framework.Demo.Uk.Provider\Sif.Framework.Demo.Uk.Provider.csproj", "{0289A4E3-44F1-476F-97CC-3A0B6BFFC1EC}"
EndProject
Project("{FAE04EC0-301F-11D3-BF4B-00C04F79EFBC}") = "Sif.Framework.Demo.Uk.Consumer", "Sif.Framework.Demo.Uk.Consumer\Sif.Framework.Demo.Uk.Consumer.csproj", "{835185B1-7132-4E19-8076-E3F687F81A4C}"
EndProject
Project("{FAE04EC0-301F-11D3-BF4B-00C04F79EFBC}") = "Sif.Framework.Demo.Hits.Consumer", "Sif.Framework.Demo.Hits.Consumer\Sif.Framework.Demo.Hits.Consumer.csproj", "{6F05F4B0-83CD-465A-8FF5-361424CD19BB}"
EndProject
Project("{FAE04EC0-301F-11D3-BF4B-00C04F79EFBC}") = "Sif.Framework.Demo.Broker", "Sif.Framework.Demo.Broker\Sif.Framework.Demo.Broker.csproj", "{B058872B-5A62-4D45-BC67-2AB7B411444B}"
EndProject
Global
	GlobalSection(SolutionConfigurationPlatforms) = preSolution
		Debug|Any CPU = Debug|Any CPU
		Release|Any CPU = Release|Any CPU
	EndGlobalSection
	GlobalSection(ProjectConfigurationPlatforms) = postSolution
		{60BEC332-9F81-493C-A61A-96F76E14CD73}.Debug|Any CPU.ActiveCfg = Debug|Any CPU
		{60BEC332-9F81-493C-A61A-96F76E14CD73}.Debug|Any CPU.Build.0 = Debug|Any CPU
		{60BEC332-9F81-493C-A61A-96F76E14CD73}.Release|Any CPU.ActiveCfg = Release|Any CPU
		{60BEC332-9F81-493C-A61A-96F76E14CD73}.Release|Any CPU.Build.0 = Release|Any CPU
		{04003B58-C545-4D66-9D89-54E8FFB0F3D3}.Debug|Any CPU.ActiveCfg = Debug|Any CPU
		{04003B58-C545-4D66-9D89-54E8FFB0F3D3}.Debug|Any CPU.Build.0 = Debug|Any CPU
		{04003B58-C545-4D66-9D89-54E8FFB0F3D3}.Release|Any CPU.ActiveCfg = Release|Any CPU
		{04003B58-C545-4D66-9D89-54E8FFB0F3D3}.Release|Any CPU.Build.0 = Release|Any CPU
		{74A86573-C9EE-4690-9D74-FF50B01B5F1F}.Debug|Any CPU.ActiveCfg = Debug|Any CPU
		{74A86573-C9EE-4690-9D74-FF50B01B5F1F}.Debug|Any CPU.Build.0 = Debug|Any CPU
		{74A86573-C9EE-4690-9D74-FF50B01B5F1F}.Release|Any CPU.ActiveCfg = Release|Any CPU
		{74A86573-C9EE-4690-9D74-FF50B01B5F1F}.Release|Any CPU.Build.0 = Release|Any CPU
		{F3935E3C-D010-4C46-8E9B-D90109BDA536}.Debug|Any CPU.ActiveCfg = Debug|Any CPU
		{F3935E3C-D010-4C46-8E9B-D90109BDA536}.Debug|Any CPU.Build.0 = Debug|Any CPU
		{F3935E3C-D010-4C46-8E9B-D90109BDA536}.Release|Any CPU.ActiveCfg = Release|Any CPU
		{F3935E3C-D010-4C46-8E9B-D90109BDA536}.Release|Any CPU.Build.0 = Release|Any CPU
		{E58A1AF4-C6B4-4D3C-90FA-CB2CF34F72A6}.Debug|Any CPU.ActiveCfg = Debug|Any CPU
		{E58A1AF4-C6B4-4D3C-90FA-CB2CF34F72A6}.Debug|Any CPU.Build.0 = Debug|Any CPU
		{E58A1AF4-C6B4-4D3C-90FA-CB2CF34F72A6}.Release|Any CPU.ActiveCfg = Release|Any CPU
		{E58A1AF4-C6B4-4D3C-90FA-CB2CF34F72A6}.Release|Any CPU.Build.0 = Release|Any CPU
		{0289A4E3-44F1-476F-97CC-3A0B6BFFC1EC}.Debug|Any CPU.ActiveCfg = Debug|Any CPU
		{0289A4E3-44F1-476F-97CC-3A0B6BFFC1EC}.Debug|Any CPU.Build.0 = Debug|Any CPU
		{0289A4E3-44F1-476F-97CC-3A0B6BFFC1EC}.Release|Any CPU.ActiveCfg = Release|Any CPU
		{0289A4E3-44F1-476F-97CC-3A0B6BFFC1EC}.Release|Any CPU.Build.0 = Release|Any CPU
		{835185B1-7132-4E19-8076-E3F687F81A4C}.Debug|Any CPU.ActiveCfg = Debug|Any CPU
		{835185B1-7132-4E19-8076-E3F687F81A4C}.Debug|Any CPU.Build.0 = Debug|Any CPU
		{835185B1-7132-4E19-8076-E3F687F81A4C}.Release|Any CPU.ActiveCfg = Release|Any CPU
		{835185B1-7132-4E19-8076-E3F687F81A4C}.Release|Any CPU.Build.0 = Release|Any CPU
		{6F05F4B0-83CD-465A-8FF5-361424CD19BB}.Debug|Any CPU.ActiveCfg = Debug|Any CPU
		{6F05F4B0-83CD-465A-8FF5-361424CD19BB}.Debug|Any CPU.Build.0 = Debug|Any CPU
		{6F05F4B0-83CD-465A-8FF5-361424CD19BB}.Release|Any CPU.ActiveCfg = Release|Any CPU
		{6F05F4B0-83CD-465A-8FF5-361424CD19BB}.Release|Any CPU.Build.0 = Release|Any CPU
		{B058872B-5A62-4D45-BC67-2AB7B411444B}.Debug|Any CPU.ActiveCfg = Debug|Any CPU
		{B058872B-5A62-4D45-BC67-2AB7B411444B}.Debug|Any CPU.Build.0 = Debug|Any CPU
		{B058872B-5A62-4D45-BC67-2AB7B411444B}.Release|Any CPU.ActiveCfg = Release|Any CPU
		{B058872B-5A62-4D45-BC67-2AB7B411444B}.Release|Any CPU.Build.0 = Release|Any CPU
	EndGlobalSection
	GlobalSection(SolutionProperties) = preSolution
		HideSolutionNode = FALSE
	EndGlobalSection
	GlobalSection(ExtensibilityGlobals) = postSolution
		SolutionGuid = {C20264AC-837C-4D61-98CF-EAE88EA7296C}
	EndGlobalSection
EndGlobal
